
Microsoft Visual Studio Solution File, Format Version 12.00
# Visual Studio Version 17
VisualStudioVersion = 17.12.35521.163 d17.12
MinimumVisualStudioVersion = 10.0.40219.1
Project("{FAE04EC0-301F-11D3-BF4B-00C04F79EFBC}") = "backend", "..\backend\backend.csproj", "{A9A9C0F4-1E55-4C6B-BACE-E20BC97FD7A1}"
EndProject
Project("{FAE04EC0-301F-11D3-BF4B-00C04F79EFBC}") = "frontend", "..\frontend\frontend.csproj", "{5988AFEC-8C7A-41AE-87B9-532F71476DCD}"
EndProject
Project("{FAE04EC0-301F-11D3-BF4B-00C04F79EFBC}") = "Shared", "..\Shared\Shared.csproj", "{8427E335-9BCC-40E9-827A-9E470D6FABED}"
EndProject
Global
	GlobalSection(SolutionConfigurationPlatforms) = preSolution
		Debug|Any CPU = Debug|Any CPU
		Release|Any CPU = Release|Any CPU
	EndGlobalSection
	GlobalSection(ProjectConfigurationPlatforms) = postSolution
		{A9A9C0F4-1E55-4C6B-BACE-E20BC97FD7A1}.Debug|Any CPU.ActiveCfg = Debug|Any CPU
		{A9A9C0F4-1E55-4C6B-BACE-E20BC97FD7A1}.Debug|Any CPU.Build.0 = Debug|Any CPU
		{A9A9C0F4-1E55-4C6B-BACE-E20BC97FD7A1}.Release|Any CPU.ActiveCfg = Release|Any CPU
		{A9A9C0F4-1E55-4C6B-BACE-E20BC97FD7A1}.Release|Any CPU.Build.0 = Release|Any CPU
		{5988AFEC-8C7A-41AE-87B9-532F71476DCD}.Debug|Any CPU.ActiveCfg = Debug|Any CPU
		{5988AFEC-8C7A-41AE-87B9-532F71476DCD}.Debug|Any CPU.Build.0 = Debug|Any CPU
		{5988AFEC-8C7A-41AE-87B9-532F71476DCD}.Release|Any CPU.ActiveCfg = Release|Any CPU
		{5988AFEC-8C7A-41AE-87B9-532F71476DCD}.Release|Any CPU.Build.0 = Release|Any CPU
		{8427E335-9BCC-40E9-827A-9E470D6FABED}.Debug|Any CPU.ActiveCfg = Debug|Any CPU
		{8427E335-9BCC-40E9-827A-9E470D6FABED}.Debug|Any CPU.Build.0 = Debug|Any CPU
		{8427E335-9BCC-40E9-827A-9E470D6FABED}.Release|Any CPU.ActiveCfg = Release|Any CPU
		{8427E335-9BCC-40E9-827A-9E470D6FABED}.Release|Any CPU.Build.0 = Release|Any CPU
	EndGlobalSection
	GlobalSection(SolutionProperties) = preSolution
		HideSolutionNode = FALSE
	EndGlobalSection
EndGlobal
